# This file is automatically @generated by Cargo.
# It is not intended for manual editing.
version = 4

[[package]]
name = "harness-lens"
version = "0.0.1"
dependencies = [
 "harness-lens-core",
]

[[package]]
name = "harness-lens-cli"
version = "0.0.1"
dependencies = [
 "harness-lens",
]

[[package]]
name = "harness-lens-core"
version = "0.0.1"
